Microsoft Visual Studio Solution File, Format Version 12.00
# Visual Studio 2012
Project("{FAE04EC0-301F-11D3-BF4B-00C04F79EFBC}") = "Grand Strategy Generator", "Grand Strategy Generator.csproj", "{A5BF4699-66AD-4FFB-8A3D-3080D535EF6E}"
EndProject
Global
	GlobalSection(SolutionConfigurationPlatforms) = preSolution
	Debug|Any CPU = Debug|Any CPU
	ExportDebug|Any CPU = ExportDebug|Any CPU
	ExportRelease|Any CPU = ExportRelease|Any CPU
	EndGlobalSection
	GlobalSection(ProjectConfigurationPlatforms) = postSolution
		{A5BF4699-66AD-4FFB-8A3D-3080D535EF6E}.Debug|Any CPU.ActiveCfg = Debug|Any CPU
		{A5BF4699-66AD-4FFB-8A3D-3080D535EF6E}.Debug|Any CPU.Build.0 = Debug|Any CPU
		{A5BF4699-66AD-4FFB-8A3D-3080D535EF6E}.ExportDebug|Any CPU.ActiveCfg = ExportDebug|Any CPU
		{A5BF4699-66AD-4FFB-8A3D-3080D535EF6E}.ExportDebug|Any CPU.Build.0 = ExportDebug|Any CPU
		{A5BF4699-66AD-4FFB-8A3D-3080D535EF6E}.ExportRelease|Any CPU.ActiveCfg = ExportRelease|Any CPU
		{A5BF4699-66AD-4FFB-8A3D-3080D535EF6E}.ExportRelease|Any CPU.Build.0 = ExportRelease|Any CPU
	EndGlobalSection
EndGlobal
